// !$*UTF8*$!
{
	archiveVersion = 1;
	classes = {
	};
	objectVersion = 56;
	objects = {

/* Begin PBXBuildFile section */
		3BC8323A2A09CCA60009C32B /* FavouriteView.swift in Sources */ = {isa = PBXBuildFile; fileRef = 3BC832392A09CCA60009C32B /* FavouriteView.swift */; };
		3BC8323C2A09CCBA0009C32B /* FavouriteViewModel.swift in Sources */ = {isa = PBXBuildFile; fileRef = 3BC8323B2A09CCBA0009C32B /* FavouriteViewModel.swift */; };
		3BC832462A0A3A070009C32B /* SearchViewModel.swift in Sources */ = {isa = PBXBuildFile; fileRef = 3BC832452A0A3A070009C32B /* SearchViewModel.swift */; };
		3BC832482A0A44520009C32B /* IngredientDetailView.swift in Sources */ = {isa = PBXBuildFile; fileRef = 3BC832472A0A44520009C32B /* IngredientDetailView.swift */; };
		3BC8324A2A0A45760009C32B /* IngredientDescriptionView.swift in Sources */ = {isa = PBXBuildFile; fileRef = 3BC832492A0A45760009C32B /* IngredientDescriptionView.swift */; };
		3BC8324C2A0A5B000009C32B /* CocktailDescriptionViewModel.swift in Sources */ = {isa = PBXBuildFile; fileRef = 3BC8324B2A0A5B000009C32B /* CocktailDescriptionViewModel.swift */; };
		3BC832582A0AA4FB0009C32B /* MyCocktailView.swift in Sources */ = {isa = PBXBuildFile; fileRef = 3BC832572A0AA4FB0009C32B /* MyCocktailView.swift */; };
		3BC832632A0AA8A90009C32B /* InfoPlist.strings in Resources */ = {isa = PBXBuildFile; fileRef = 3BC832612A0AA8A90009C32B /* InfoPlist.strings */; };
		3BC832662A0AA8A90009C32B /* Localizable.strings in Resources */ = {isa = PBXBuildFile; fileRef = 3BC832642A0AA8A90009C32B /* Localizable.strings */; };
		6F2A59A429D4D67E006CE451 /* ShakeItApp.swift in Sources */ = {isa = PBXBuildFile; fileRef = 6F2A59A329D4D67E006CE451 /* ShakeItApp.swift */; };
		6F2A59A629D4D67E006CE451 /* SearchView.swift in Sources */ = {isa = PBXBuildFile; fileRef = 6F2A59A529D4D67E006CE451 /* SearchView.swift */; };
		6F2A59A829D4D67F006CE451 /* Assets.xcassets in Resources */ = {isa = PBXBuildFile; fileRef = 6F2A59A729D4D67F006CE451 /* Assets.xcassets */; };
		6F2A59AB29D4D67F006CE451 /* Preview Assets.xcassets in Resources */ = {isa = PBXBuildFile; fileRef = 6F2A59AA29D4D67F006CE451 /* Preview Assets.xcassets */; };
		6F2A59B529D4D67F006CE451 /* ShakeItTests.swift in Sources */ = {isa = PBXBuildFile; fileRef = 6F2A59B429D4D67F006CE451 /* ShakeItTests.swift */; };
		6F2A59BF29D4D67F006CE451 /* ShakeItUITests.swift in Sources */ = {isa = PBXBuildFile; fileRef = 6F2A59BE29D4D67F006CE451 /* ShakeItUITests.swift */; };
		6F2A59C129D4D67F006CE451 /* ShakeItUITestsLaunchTests.swift in Sources */ = {isa = PBXBuildFile; fileRef = 6F2A59C029D4D67F006CE451 /* ShakeItUITestsLaunchTests.swift */; };
		6F2A59CE29D4DF25006CE451 /* FavouritesView.swift in Sources */ = {isa = PBXBuildFile; fileRef = 6F2A59CD29D4DF25006CE451 /* FavouritesView.swift */; };
		6F2A59D029D4E9B5006CE451 /* Cocktail.swift in Sources */ = {isa = PBXBuildFile; fileRef = 6F2A59CF29D4E9B5006CE451 /* Cocktail.swift */; };
		6F2A59D229D4FAFB006CE451 /* SearchResultsView.swift in Sources */ = {isa = PBXBuildFile; fileRef = 6F2A59D129D4FAFB006CE451 /* SearchResultsView.swift */; };
		6F2A59D429D4FDA9006CE451 /* CocktailDescription.swift in Sources */ = {isa = PBXBuildFile; fileRef = 6F2A59D329D4FDA9006CE451 /* CocktailDescription.swift */; };
		6FD2E06A2A070D720092E175 /* CustomCocktail.xcdatamodeld in Sources */ = {isa = PBXBuildFile; fileRef = 6FD2E0682A070D720092E175 /* CustomCocktail.xcdatamodeld */; };
		6FD2E06C2A070E0E0092E175 /* Persistence.swift in Sources */ = {isa = PBXBuildFile; fileRef = 6FD2E06B2A070E0E0092E175 /* Persistence.swift */; };
		6FD2E06F2A07CFAC0092E175 /* MainScreenView.swift in Sources */ = {isa = PBXBuildFile; fileRef = 6FD2E06E2A07CFAC0092E175 /* MainScreenView.swift */; };
		6FD2E0712A07D2900092E175 /* MyCocktailsView.swift in Sources */ = {isa = PBXBuildFile; fileRef = 6FD2E0702A07D2900092E175 /* MyCocktailsView.swift */; };
		6FD2E0732A07D5050092E175 /* Recipe.swift in Sources */ = {isa = PBXBuildFile; fileRef = 6FD2E0722A07D5050092E175 /* Recipe.swift */; };
		6FD2E0752A083DAD0092E175 /* AddNewCocktailView.swift in Sources */ = {isa = PBXBuildFile; fileRef = 6FD2E0742A083DAD0092E175 /* AddNewCocktailView.swift */; };
		6FD2E0772A084EB90092E175 /* CustomColors.swift in Sources */ = {isa = PBXBuildFile; fileRef = 6FD2E0762A084EB90092E175 /* CustomColors.swift */; };
		6FD2E0792A0854C90092E175 /* ImageSelector.swift in Sources */ = {isa = PBXBuildFile; fileRef = 6FD2E0782A0854C90092E175 /* ImageSelector.swift */; };
		943F12112A09323C007F5914 /* AddNewCocktailViewModel.swift in Sources */ = {isa = PBXBuildFile; fileRef = 943F12102A09323C007F5914 /* AddNewCocktailViewModel.swift */; };
		943F12152A09327A007F5914 /* SelectedIngredientView.swift in Sources */ = {isa = PBXBuildFile; fileRef = 943F12142A09327A007F5914 /* SelectedIngredientView.swift */; };
		943F12172A0942D9007F5914 /* CustomAppearance.swift in Sources */ = {isa = PBXBuildFile; fileRef = 943F12162A0942D9007F5914 /* CustomAppearance.swift */; };
		943F12192A09524A007F5914 /* ShakeDetection.swift in Sources */ = {isa = PBXBuildFile; fileRef = 943F12182A09524A007F5914 /* ShakeDetection.swift */; };
		943F121B2A095D18007F5914 /* MainScreenViewModel.swift in Sources */ = {isa = PBXBuildFile; fileRef = 943F121A2A095D18007F5914 /* MainScreenViewModel.swift */; };
		94503F602A080E6300C13E00 /* IngredientView.swift in Sources */ = {isa = PBXBuildFile; fileRef = 94503F5F2A080E6300C13E00 /* IngredientView.swift */; };
/* End PBXBuildFile section */

/* Begin PBXContainerItemProxy section */
		6F2A59B129D4D67F006CE451 /* PBXContainerItemProxy */ = {
			isa = PBXContainerItemProxy;
			containerPortal = 6F2A599829D4D67E006CE451 /* Project object */;
			proxyType = 1;
			remoteGlobalIDString = 6F2A599F29D4D67E006CE451;
			remoteInfo = ShakeIt;
		};
		6F2A59BB29D4D67F006CE451 /* PBXContainerItemProxy */ = {
			isa = PBXContainerItemProxy;
			containerPortal = 6F2A599829D4D67E006CE451 /* Project object */;
			proxyType = 1;
			remoteGlobalIDString = 6F2A599F29D4D67E006CE451;
			remoteInfo = ShakeIt;
		};
/* End PBXContainerItemProxy section */

/* Begin PBXFileReference section */
		3BC832392A09CCA60009C32B /* FavouriteView.swift */ = {isa = PBXFileReference; lastKnownFileType = sourcecode.swift; path = FavouriteView.swift; sourceTree = "<group>"; };
		3BC8323B2A09CCBA0009C32B /* FavouriteViewModel.swift */ = {isa = PBXFileReference; lastKnownFileType = sourcecode.swift; path = FavouriteViewModel.swift; sourceTree = "<group>"; };
		3BC832452A0A3A070009C32B /* SearchViewModel.swift */ = {isa = PBXFileReference; lastKnownFileType = sourcecode.swift; path = SearchViewModel.swift; sourceTree = "<group>"; };
		3BC832472A0A44520009C32B /* IngredientDetailView.swift */ = {isa = PBXFileReference; lastKnownFileType = sourcecode.swift; path = IngredientDetailView.swift; sourceTree = "<group>"; };
		3BC832492A0A45760009C32B /* IngredientDescriptionView.swift */ = {isa = PBXFileReference; lastKnownFileType = sourcecode.swift; path = IngredientDescriptionView.swift; sourceTree = "<group>"; };
		3BC8324B2A0A5B000009C32B /* CocktailDescriptionViewModel.swift */ = {isa = PBXFileReference; lastKnownFileType = sourcecode.swift; path = CocktailDescriptionViewModel.swift; sourceTree = "<group>"; };
		3BC832572A0AA4FB0009C32B /* MyCocktailView.swift */ = {isa = PBXFileReference; lastKnownFileType = sourcecode.swift; path = MyCocktailView.swift; sourceTree = "<group>"; };
		3BC832622A0AA8A90009C32B /* pl */ = {isa = PBXFileReference; lastKnownFileType = text.plist.strings; name = pl; path = pl.lproj/InfoPlist.strings; sourceTree = "<group>"; };
		3BC832652A0AA8A90009C32B /* pl */ = {isa = PBXFileReference; lastKnownFileType = text.plist.strings; name = pl; path = pl.lproj/Localizable.strings; sourceTree = "<group>"; };
		6F2A59A029D4D67E006CE451 /* ShakeIt.app */ = {isa = PBXFileReference; explicitFileType = wrapper.application; includeInIndex = 0; path = ShakeIt.app; sourceTree = BUILT_PRODUCTS_DIR; };
		6F2A59A329D4D67E006CE451 /* ShakeItApp.swift */ = {isa = PBXFileReference; lastKnownFileType = sourcecode.swift; path = ShakeItApp.swift; sourceTree = "<group>"; };
		6F2A59A529D4D67E006CE451 /* SearchView.swift */ = {isa = PBXFileReference; lastKnownFileType = sourcecode.swift; path = SearchView.swift; sourceTree = "<group>"; };
		6F2A59A729D4D67F006CE451 /* Assets.xcassets */ = {isa = PBXFileReference; lastKnownFileType = folder.assetcatalog; path = Assets.xcassets; sourceTree = "<group>"; };
		6F2A59AA29D4D67F006CE451 /* Preview Assets.xcassets */ = {isa = PBXFileReference; lastKnownFileType = folder.assetcatalog; path = "Preview Assets.xcassets"; sourceTree = "<group>"; };
		6F2A59B029D4D67F006CE451 /* ShakeItTests.xctest */ = {isa = PBXFileReference; explicitFileType = wrapper.cfbundle; includeInIndex = 0; path = ShakeItTests.xctest; sourceTree = BUILT_PRODUCTS_DIR; };
		6F2A59B429D4D67F006CE451 /* ShakeItTests.swift */ = {isa = PBXFileReference; lastKnownFileType = sourcecode.swift; path = ShakeItTests.swift; sourceTree = "<group>"; };
		6F2A59BA29D4D67F006CE451 /* ShakeItUITests.xctest */ = {isa = PBXFileReference; explicitFileType = wrapper.cfbundle; includeInIndex = 0; path = ShakeItUITests.xctest; sourceTree = BUILT_PRODUCTS_DIR; };
		6F2A59BE29D4D67F006CE451 /* ShakeItUITests.swift */ = {isa = PBXFileReference; lastKnownFileType = sourcecode.swift; path = ShakeItUITests.swift; sourceTree = "<group>"; };
		6F2A59C029D4D67F006CE451 /* ShakeItUITestsLaunchTests.swift */ = {isa = PBXFileReference; lastKnownFileType = sourcecode.swift; path = ShakeItUITestsLaunchTests.swift; sourceTree = "<group>"; };
		6F2A59CD29D4DF25006CE451 /* FavouritesView.swift */ = {isa = PBXFileReference; lastKnownFileType = sourcecode.swift; path = FavouritesView.swift; sourceTree = "<group>"; };
		6F2A59CF29D4E9B5006CE451 /* Cocktail.swift */ = {isa = PBXFileReference; lastKnownFileType = sourcecode.swift; path = Cocktail.swift; sourceTree = "<group>"; };
		6F2A59D129D4FAFB006CE451 /* SearchResultsView.swift */ = {isa = PBXFileReference; lastKnownFileType = sourcecode.swift; path = SearchResultsView.swift; sourceTree = "<group>"; };
		6F2A59D329D4FDA9006CE451 /* CocktailDescription.swift */ = {isa = PBXFileReference; lastKnownFileType = sourcecode.swift; path = CocktailDescription.swift; sourceTree = "<group>"; };
		6F5D21CD2D4E765D00436D95 /* README.md */ = {isa = PBXFileReference; lastKnownFileType = net.daringfireball.markdown; path = README.md; sourceTree = "<group>"; };
		6FD2E0692A070D720092E175 /* CustomCocktail.xcdatamodel */ = {isa = PBXFileReference; lastKnownFileType = wrapper.xcdatamodel; path = CustomCocktail.xcdatamodel; sourceTree = "<group>"; };
		6FD2E06B2A070E0E0092E175 /* Persistence.swift */ = {isa = PBXFileReference; lastKnownFileType = sourcecode.swift; path = Persistence.swift; sourceTree = "<group>"; };
		6FD2E06D2A07CD220092E175 /* Info.plist */ = {isa = PBXFileReference; lastKnownFileType = text.plist; path = Info.plist; sourceTree = "<group>"; };
		6FD2E06E2A07CFAC0092E175 /* MainScreenView.swift */ = {isa = PBXFileReference; lastKnownFileType = sourcecode.swift; path = MainScreenView.swift; sourceTree = "<group>"; };
		6FD2E0702A07D2900092E175 /* MyCocktailsView.swift */ = {isa = PBXFileReference; lastKnownFileType = sourcecode.swift; path = MyCocktailsView.swift; sourceTree = "<group>"; };
		6FD2E0722A07D5050092E175 /* Recipe.swift */ = {isa = PBXFileReference; lastKnownFileType = sourcecode.swift; path = Recipe.swift; sourceTree = "<group>"; };
		6FD2E0742A083DAD0092E175 /* AddNewCocktailView.swift */ = {isa = PBXFileReference; lastKnownFileType = sourcecode.swift; path = AddNewCocktailView.swift; sourceTree = "<group>"; };
		6FD2E0762A084EB90092E175 /* CustomColors.swift */ = {isa = PBXFileReference; lastKnownFileType = sourcecode.swift; path = CustomColors.swift; sourceTree = "<group>"; };
		6FD2E0782A0854C90092E175 /* ImageSelector.swift */ = {isa = PBXFileReference; lastKnownFileType = sourcecode.swift; path = ImageSelector.swift; sourceTree = "<group>"; };
		943D3D8D2A0AD69600450826 /* ShakeIt.xctestplan */ = {isa = PBXFileReference; lastKnownFileType = text; path = ShakeIt.xctestplan; sourceTree = "<group>"; };
		943F12102A09323C007F5914 /* AddNewCocktailViewModel.swift */ = {isa = PBXFileReference; fileEncoding = 4; lastKnownFileType = sourcecode.swift; path = AddNewCocktailViewModel.swift; sourceTree = "<group>"; };
		943F12142A09327A007F5914 /* SelectedIngredientView.swift */ = {isa = PBXFileReference; fileEncoding = 4; lastKnownFileType = sourcecode.swift; path = SelectedIngredientView.swift; sourceTree = "<group>"; };
		943F12162A0942D9007F5914 /* CustomAppearance.swift */ = {isa = PBXFileReference; lastKnownFileType = sourcecode.swift; path = CustomAppearance.swift; sourceTree = "<group>"; };
		943F12182A09524A007F5914 /* ShakeDetection.swift */ = {isa = PBXFileReference; lastKnownFileType = sourcecode.swift; path = ShakeDetection.swift; sourceTree = "<group>"; };
		943F121A2A095D18007F5914 /* MainScreenViewModel.swift */ = {isa = PBXFileReference; lastKnownFileType = sourcecode.swift; path = MainScreenViewModel.swift; sourceTree = "<group>"; };
		94503F5F2A080E6300C13E00 /* IngredientView.swift */ = {isa = PBXFileReference; lastKnownFileType = sourcecode.swift; path = IngredientView.swift; sourceTree = "<group>"; };
/* End PBXFileReference section */

/* Begin PBXFrameworksBuildPhase section */
		6F2A599D29D4D67E006CE451 /* Frameworks */ = {
			isa = PBXFrameworksBuildPhase;
			buildActionMask = 2147483647;
			files = (
			);
			runOnlyForDeploymentPostprocessing = 0;
		};
		6F2A59AD29D4D67F006CE451 /* Frameworks */ = {
			isa = PBXFrameworksBuildPhase;
			buildActionMask = 2147483647;
			files = (
			);
			runOnlyForDeploymentPostprocessing = 0;
		};
		6F2A59B729D4D67F006CE451 /* Frameworks */ = {
			isa = PBXFrameworksBuildPhase;
			buildActionMask = 2147483647;
			files = (
			);
			runOnlyForDeploymentPostprocessing = 0;
		};
/* End PBXFrameworksBuildPhase section */

/* Begin PBXGroup section */
		3BC8323E2A09CDA90009C32B /* Resources */ = {
			isa = PBXGroup;
			children = (
				6FD2E0682A070D720092E175 /* CustomCocktail.xcdatamodeld */,
				6FD2E06B2A070E0E0092E175 /* Persistence.swift */,
				6FD2E06D2A07CD220092E175 /* Info.plist */,
				3BC832642A0AA8A90009C32B /* Localizable.strings */,
				3BC832612A0AA8A90009C32B /* InfoPlist.strings */,
			);
			name = Resources;
			sourceTree = "<group>";
		};
		3BC8323F2A09CDE80009C32B /* Favourites */ = {
			isa = PBXGroup;
			children = (
				6F2A59CD29D4DF25006CE451 /* FavouritesView.swift */,
				3BC832392A09CCA60009C32B /* FavouriteView.swift */,
				3BC8323B2A09CCBA0009C32B /* FavouriteViewModel.swift */,
			);
			name = Favourites;
			sourceTree = "<group>";
		};
		3BC832402A09CE070009C32B /* MainScreen */ = {
			isa = PBXGroup;
			children = (
				943F121A2A095D18007F5914 /* MainScreenViewModel.swift */,
				6FD2E06E2A07CFAC0092E175 /* MainScreenView.swift */,
			);
			name = MainScreen;
			sourceTree = "<group>";
		};
		3BC832412A09CE2A0009C32B /* Search */ = {
			isa = PBXGroup;
			children = (
				6F2A59A529D4D67E006CE451 /* SearchView.swift */,
				3BC832452A0A3A070009C32B /* SearchViewModel.swift */,
				6F2A59D129D4FAFB006CE451 /* SearchResultsView.swift */,
			);
			name = Search;
			sourceTree = "<group>";
		};
		3BC832422A09CE400009C32B /* MyList */ = {
			isa = PBXGroup;
			children = (
				6FD2E0702A07D2900092E175 /* MyCocktailsView.swift */,
				3BC832572A0AA4FB0009C32B /* MyCocktailView.swift */,
			);
			name = MyList;
			sourceTree = "<group>";
		};
		3BC832432A09CE610009C32B /* CocktailDetails */ = {
			isa = PBXGroup;
			children = (
				6F2A59D329D4FDA9006CE451 /* CocktailDescription.swift */,
				3BC8324B2A0A5B000009C32B /* CocktailDescriptionViewModel.swift */,
				94503F5F2A080E6300C13E00 /* IngredientView.swift */,
				3BC832472A0A44520009C32B /* IngredientDetailView.swift */,
				3BC832492A0A45760009C32B /* IngredientDescriptionView.swift */,
			);
			name = CocktailDetails;
			sourceTree = "<group>";
		};
		3BC832442A09CE750009C32B /* NewCocktail */ = {
			isa = PBXGroup;
			children = (
				6FD2E0742A083DAD0092E175 /* AddNewCocktailView.swift */,
				943F12102A09323C007F5914 /* AddNewCocktailViewModel.swift */,
				943F12142A09327A007F5914 /* SelectedIngredientView.swift */,
			);
			name = NewCocktail;
			sourceTree = "<group>";
		};
		6F2A599729D4D67E006CE451 = {
			isa = PBXGroup;
			children = (
				6F5D21CD2D4E765D00436D95 /* README.md */,
				943D3D8D2A0AD69600450826 /* ShakeIt.xctestplan */,
				6F2A59A229D4D67E006CE451 /* ShakeIt */,
				6F2A59B329D4D67F006CE451 /* ShakeItTests */,
				6F2A59BD29D4D67F006CE451 /* ShakeItUITests */,
				6F2A59A129D4D67E006CE451 /* Products */,
			);
			sourceTree = "<group>";
			usesTabs = 0;
		};
		6F2A59A129D4D67E006CE451 /* Products */ = {
			isa = PBXGroup;
			children = (
				6F2A59A029D4D67E006CE451 /* ShakeIt.app */,
				6F2A59B029D4D67F006CE451 /* ShakeItTests.xctest */,
				6F2A59BA29D4D67F006CE451 /* ShakeItUITests.xctest */,
			);
			name = Products;
			sourceTree = "<group>";
		};
		6F2A59A229D4D67E006CE451 /* ShakeIt */ = {
			isa = PBXGroup;
			children = (
				6FD2E0722A07D5050092E175 /* Recipe.swift */,
				6F2A59CF29D4E9B5006CE451 /* Cocktail.swift */,
				943F12162A0942D9007F5914 /* CustomAppearance.swift */,
				6FD2E0762A084EB90092E175 /* CustomColors.swift */,
				6F2A59A329D4D67E006CE451 /* ShakeItApp.swift */,
				6FD2E0782A0854C90092E175 /* ImageSelector.swift */,
				943F12182A09524A007F5914 /* ShakeDetection.swift */,
				3BC832402A09CE070009C32B /* MainScreen */,
				3BC8323F2A09CDE80009C32B /* Favourites */,
				3BC832422A09CE400009C32B /* MyList */,
				3BC832412A09CE2A0009C32B /* Search */,
				3BC832442A09CE750009C32B /* NewCocktail */,
				3BC832432A09CE610009C32B /* CocktailDetails */,
				3BC8323E2A09CDA90009C32B /* Resources */,
				6F2A59A929D4D67F006CE451 /* Preview Content */,
				6F2A59A729D4D67F006CE451 /* Assets.xcassets */,
			);
			path = ShakeIt;
			sourceTree = "<group>";
		};
		6F2A59A929D4D67F006CE451 /* Preview Content */ = {
			isa = PBXGroup;
			children = (
				6F2A59AA29D4D67F006CE451 /* Preview Assets.xcassets */,
			);
			path = "Preview Content";
			sourceTree = "<group>";
		};
		6F2A59B329D4D67F006CE451 /* ShakeItTests */ = {
			isa = PBXGroup;
			children = (
				6F2A59B429D4D67F006CE451 /* ShakeItTests.swift */,
			);
			path = ShakeItTests;
			sourceTree = "<group>";
		};
		6F2A59BD29D4D67F006CE451 /* ShakeItUITests */ = {
			isa = PBXGroup;
			children = (
				6F2A59BE29D4D67F006CE451 /* ShakeItUITests.swift */,
				6F2A59C029D4D67F006CE451 /* ShakeItUITestsLaunchTests.swift */,
			);
			path = ShakeItUITests;
			sourceTree = "<group>";
		};
/* End PBXGroup section */

/* Begin PBXNativeTarget section */
		6F2A599F29D4D67E006CE451 /* ShakeIt */ = {
			isa = PBXNativeTarget;
			buildConfigurationList = 6F2A59C429D4D67F006CE451 /* Build configuration list for PBXNativeTarget "ShakeIt" */;
			buildPhases = (
				6F2A599C29D4D67E006CE451 /* Sources */,
				6F2A599D29D4D67E006CE451 /* Frameworks */,
				6F2A599E29D4D67E006CE451 /* Resources */,
			);
			buildRules = (
			);
			dependencies = (
			);
			name = ShakeIt;
			packageProductDependencies = (
			);
			productName = ShakeIt;
			productReference = 6F2A59A029D4D67E006CE451 /* ShakeIt.app */;
			productType = "com.apple.product-type.application";
		};
		6F2A59AF29D4D67F006CE451 /* ShakeItTests */ = {
			isa = PBXNativeTarget;
			buildConfigurationList = 6F2A59C729D4D67F006CE451 /* Build configuration list for PBXNativeTarget "ShakeItTests" */;
			buildPhases = (
				6F2A59AC29D4D67F006CE451 /* Sources */,
				6F2A59AD29D4D67F006CE451 /* Frameworks */,
				6F2A59AE29D4D67F006CE451 /* Resources */,
			);
			buildRules = (
			);
			dependencies = (
				6F2A59B229D4D67F006CE451 /* PBXTargetDependency */,
			);
			name = ShakeItTests;
			productName = ShakeItTests;
			productReference = 6F2A59B029D4D67F006CE451 /* ShakeItTests.xctest */;
			productType = "com.apple.product-type.bundle.unit-test";
		};
		6F2A59B929D4D67F006CE451 /* ShakeItUITests */ = {
			isa = PBXNativeTarget;
			buildConfigurationList = 6F2A59CA29D4D67F006CE451 /* Build configuration list for PBXNativeTarget "ShakeItUITests" */;
			buildPhases = (
				6F2A59B629D4D67F006CE451 /* Sources */,
				6F2A59B729D4D67F006CE451 /* Frameworks */,
				6F2A59B829D4D67F006CE451 /* Resources */,
			);
			buildRules = (
			);
			dependencies = (
				6F2A59BC29D4D67F006CE451 /* PBXTargetDependency */,
			);
			name = ShakeItUITests;
			productName = ShakeItUITests;
			productReference = 6F2A59BA29D4D67F006CE451 /* ShakeItUITests.xctest */;
			productType = "com.apple.product-type.bundle.ui-testing";
		};
/* End PBXNativeTarget section */

/* Begin PBXProject section */
		6F2A599829D4D67E006CE451 /* Project object */ = {
			isa = PBXProject;
			attributes = {
				BuildIndependentTargetsInParallel = 1;
				LastSwiftUpdateCheck = 1420;
				LastUpgradeCheck = 1420;
				TargetAttributes = {
					6F2A599F29D4D67E006CE451 = {
						CreatedOnToolsVersion = 14.2;
					};
					6F2A59AF29D4D67F006CE451 = {
						CreatedOnToolsVersion = 14.2;
						TestTargetID = 6F2A599F29D4D67E006CE451;
					};
					6F2A59B929D4D67F006CE451 = {
						CreatedOnToolsVersion = 14.2;
						TestTargetID = 6F2A599F29D4D67E006CE451;
					};
				};
			};
			buildConfigurationList = 6F2A599B29D4D67E006CE451 /* Build configuration list for PBXProject "ShakeIt" */;
			compatibilityVersion = "Xcode 14.0";
			developmentRegion = en;
			hasScannedForEncodings = 0;
			knownRegions = (
				en,
				Base,
				pl,
			);
			mainGroup = 6F2A599729D4D67E006CE451;
			packageReferences = (
			);
			productRefGroup = 6F2A59A129D4D67E006CE451 /* Products */;
			projectDirPath = "";
			projectRoot = "";
			targets = (
				6F2A599F29D4D67E006CE451 /* ShakeIt */,
				6F2A59AF29D4D67F006CE451 /* ShakeItTests */,
				6F2A59B929D4D67F006CE451 /* ShakeItUITests */,
			);
		};
/* End PBXProject section */

/* Begin PBXResourcesBuildPhase section */
		6F2A599E29D4D67E006CE451 /* Resources */ = {
			isa = PBXResourcesBuildPhase;
			buildActionMask = 2147483647;
			files = (
				6F2A59AB29D4D67F006CE451 /* Preview Assets.xcassets in Resources */,
				3BC832662A0AA8A90009C32B /* Localizable.strings in Resources */,
				3BC832632A0AA8A90009C32B /* InfoPlist.strings in Resources */,
				6F2A59A829D4D67F006CE451 /* Assets.xcassets in Resources */,
			);
			runOnlyForDeploymentPostprocessing = 0;
		};
		6F2A59AE29D4D67F006CE451 /* Resources */ = {
			isa = PBXResourcesBuildPhase;
			buildActionMask = 2147483647;
			files = (
			);
			runOnlyForDeploymentPostprocessing = 0;
		};
		6F2A59B829D4D67F006CE451 /* Resources */ = {
			isa = PBXResourcesBuildPhase;
			buildActionMask = 2147483647;
			files = (
			);
			runOnlyForDeploymentPostprocessing = 0;
		};
/* End PBXResourcesBuildPhase section */

/* Begin PBXSourcesBuildPhase section */
		6F2A599C29D4D67E006CE451 /* Sources */ = {
			isa = PBXSourcesBuildPhase;
			buildActionMask = 2147483647;
			files = (
				6F2A59D429D4FDA9006CE451 /* CocktailDescription.swift in Sources */,
				943F121B2A095D18007F5914 /* MainScreenViewModel.swift in Sources */,
				943F12112A09323C007F5914 /* AddNewCocktailViewModel.swift in Sources */,
				6FD2E06C2A070E0E0092E175 /* Persistence.swift in Sources */,
				6FD2E0772A084EB90092E175 /* CustomColors.swift in Sources */,
				6F2A59CE29D4DF25006CE451 /* FavouritesView.swift in Sources */,
				94503F602A080E6300C13E00 /* IngredientView.swift in Sources */,
				943F12172A0942D9007F5914 /* CustomAppearance.swift in Sources */,
				3BC832482A0A44520009C32B /* IngredientDetailView.swift in Sources */,
				6F2A59A629D4D67E006CE451 /* SearchView.swift in Sources */,
				6FD2E0712A07D2900092E175 /* MyCocktailsView.swift in Sources */,
				3BC832582A0AA4FB0009C32B /* MyCocktailView.swift in Sources */,
				943F12192A09524A007F5914 /* ShakeDetection.swift in Sources */,
				6FD2E0752A083DAD0092E175 /* AddNewCocktailView.swift in Sources */,
				3BC8324C2A0A5B000009C32B /* CocktailDescriptionViewModel.swift in Sources */,
				3BC8324A2A0A45760009C32B /* IngredientDescriptionView.swift in Sources */,
				6FD2E06F2A07CFAC0092E175 /* MainScreenView.swift in Sources */,
				6F2A59D229D4FAFB006CE451 /* SearchResultsView.swift in Sources */,
				3BC832462A0A3A070009C32B /* SearchViewModel.swift in Sources */,
				6F2A59A429D4D67E006CE451 /* ShakeItApp.swift in Sources */,
				943F12152A09327A007F5914 /* SelectedIngredientView.swift in Sources */,
				6F2A59D029D4E9B5006CE451 /* Cocktail.swift in Sources */,
				6FD2E06A2A070D720092E175 /* CustomCocktail.xcdatamodeld in Sources */,
				6FD2E0792A0854C90092E175 /* ImageSelector.swift in Sources */,
				3BC8323A2A09CCA60009C32B /* FavouriteView.swift in Sources */,
				3BC8323C2A09CCBA0009C32B /* FavouriteViewModel.swift in Sources */,
				6FD2E0732A07D5050092E175 /* Recipe.swift in Sources */,
			);
			runOnlyForDeploymentPostprocessing = 0;
		};
		6F2A59AC29D4D67F006CE451 /* Sources */ = {
			isa = PBXSourcesBuildPhase;
			buildActionMask = 2147483647;
			files = (
				6F2A59B529D4D67F006CE451 /* ShakeItTests.swift in Sources */,
			);
			runOnlyForDeploymentPostprocessing = 0;
		};
		6F2A59B629D4D67F006CE451 /* Sources */ = {
			isa = PBXSourcesBuildPhase;
			buildActionMask = 2147483647;
			files = (
				6F2A59C129D4D67F006CE451 /* ShakeItUITestsLaunchTests.swift in Sources */,
				6F2A59BF29D4D67F006CE451 /* ShakeItUITests.swift in Sources */,
			);
			runOnlyForDeploymentPostprocessing = 0;
		};
/* End PBXSourcesBuildPhase section */

/* Begin PBXTargetDependency section */
		6F2A59B229D4D67F006CE451 /* PBXTargetDependency */ = {
			isa = PBXTargetDependency;
			target = 6F2A599F29D4D67E006CE451 /* ShakeIt */;
			targetProxy = 6F2A59B129D4D67F006CE451 /* PBXContainerItemProxy */;
		};
		6F2A59BC29D4D67F006CE451 /* PBXTargetDependency */ = {
			isa = PBXTargetDependency;
			target = 6F2A599F29D4D67E006CE451 /* ShakeIt */;
			targetProxy = 6F2A59BB29D4D67F006CE451 /* PBXContainerItemProxy */;
		};
/* End PBXTargetDependency section */

/* Begin PBXVariantGroup section */
		3BC832612A0AA8A90009C32B /* InfoPlist.strings */ = {
			isa = PBXVariantGroup;
			children = (
				3BC832622A0AA8A90009C32B /* pl */,
			);
			name = InfoPlist.strings;
			sourceTree = "<group>";
		};
		3BC832642A0AA8A90009C32B /* Localizable.strings */ = {
			isa = PBXVariantGroup;
			children = (
				3BC832652A0AA8A90009C32B /* pl */,
			);
			name = Localizable.strings;
			sourceTree = "<group>";
		};
/* End PBXVariantGroup section */

/* Begin XCBuildConfiguration section */
		6F2A59C229D4D67F006CE451 /* Debug */ = {
			isa = XCBuildConfiguration;
			buildSettings = {
				ALWAYS_SEARCH_USER_PATHS = NO;
				CLANG_ANALYZER_NONNULL = YES;
				CLANG_ANALYZER_NUMBER_OBJECT_CONVERSION = YES_AGGRESSIVE;
				CLANG_CXX_LANGUAGE_STANDARD = "gnu++20";
				CLANG_ENABLE_MODULES = YES;
				CLANG_ENABLE_OBJC_ARC = YES;
				CLANG_ENABLE_OBJC_WEAK = YES;
				CLANG_WARN_BLOCK_CAPTURE_AUTORELEASING = YES;
				CLANG_WARN_BOOL_CONVERSION = YES;
				CLANG_WARN_COMMA = YES;
				CLANG_WARN_CONSTANT_CONVERSION = YES;
				CLANG_WARN_DEPRECATED_OBJC_IMPLEMENTATIONS = YES;
				CLANG_WARN_DIRECT_OBJC_ISA_USAGE = YES_ERROR;
				CLANG_WARN_DOCUMENTATION_COMMENTS = YES;
				CLANG_WARN_EMPTY_BODY = YES;
				CLANG_WARN_ENUM_CONVERSION = YES;
				CLANG_WARN_INFINITE_RECURSION = YES;
				CLANG_WARN_INT_CONVERSION = YES;
				CLANG_WARN_NON_LITERAL_NULL_CONVERSION = YES;
				CLANG_WARN_OBJC_IMPLICIT_RETAIN_SELF = YES;
				CLANG_WARN_OBJC_LITERAL_CONVERSION = YES;
				CLANG_WARN_OBJC_ROOT_CLASS = YES_ERROR;
				CLANG_WARN_QUOTED_INCLUDE_IN_FRAMEWORK_HEADER = YES;
				CLANG_WARN_RANGE_LOOP_ANALYSIS = YES;
				CLANG_WARN_STRICT_PROTOTYPES = YES;
				CLANG_WARN_SUSPICIOUS_MOVE = YES;
				CLANG_WARN_UNGUARDED_AVAILABILITY = YES_AGGRESSIVE;
				CLANG_WARN_UNREACHABLE_CODE = YES;
				CLANG_WARN__DUPLICATE_METHOD_MATCH = YES;
				COPY_PHASE_STRIP = NO;
				DEBUG_INFORMATION_FORMAT = dwarf;
				ENABLE_STRICT_OBJC_MSGSEND = YES;
				ENABLE_TESTABILITY = YES;
				GCC_C_LANGUAGE_STANDARD = gnu11;
				GCC_DYNAMIC_NO_PIC = NO;
				GCC_NO_COMMON_BLOCKS = YES;
				GCC_OPTIMIZATION_LEVEL = 0;
				GCC_PREPROCESSOR_DEFINITIONS = (
					"DEBUG=1",
					"$(inherited)",
				);
				GCC_WARN_64_TO_32_BIT_CONVERSION = YES;
				GCC_WARN_ABOUT_RETURN_TYPE = YES_ERROR;
				GCC_WARN_UNDECLARED_SELECTOR = YES;
				GCC_WARN_UNINITIALIZED_AUTOS = YES_AGGRESSIVE;
				GCC_WARN_UNUSED_FUNCTION = YES;
				GCC_WARN_UNUSED_VARIABLE = YES;
				IPHONEOS_DEPLOYMENT_TARGET = 16.2;
				MTL_ENABLE_DEBUG_INFO = INCLUDE_SOURCE;
				MTL_FAST_MATH = YES;
				ONLY_ACTIVE_ARCH = YES;
				SDKROOT = iphoneos;
				SWIFT_ACTIVE_COMPILATION_CONDITIONS = DEBUG;
				SWIFT_OPTIMIZATION_LEVEL = "-Onone";
			};
			name = Debug;
		};
		6F2A59C329D4D67F006CE451 /* Release */ = {
			isa = XCBuildConfiguration;
			buildSettings = {
				ALWAYS_SEARCH_USER_PATHS = NO;
				CLANG_ANALYZER_NONNULL = YES;
				CLANG_ANALYZER_NUMBER_OBJECT_CONVERSION = YES_AGGRESSIVE;
				CLANG_CXX_LANGUAGE_STANDARD = "gnu++20";
				CLANG_ENABLE_MODULES = YES;
				CLANG_ENABLE_OBJC_ARC = YES;
				CLANG_ENABLE_OBJC_WEAK = YES;
				CLANG_WARN_BLOCK_CAPTURE_AUTORELEASING = YES;
				CLANG_WARN_BOOL_CONVERSION = YES;
				CLANG_WARN_COMMA = YES;
				CLANG_WARN_CONSTANT_CONVERSION = YES;
				CLANG_WARN_DEPRECATED_OBJC_IMPLEMENTATIONS = YES;
				CLANG_WARN_DIRECT_OBJC_ISA_USAGE = YES_ERROR;
				CLANG_WARN_DOCUMENTATION_COMMENTS = YES;
				CLANG_WARN_EMPTY_BODY = YES;
				CLANG_WARN_ENUM_CONVERSION = YES;
				CLANG_WARN_INFINITE_RECURSION = YES;
				CLANG_WARN_INT_CONVERSION = YES;
				CLANG_WARN_NON_LITERAL_NULL_CONVERSION = YES;
				CLANG_WARN_OBJC_IMPLICIT_RETAIN_SELF = YES;
				CLANG_WARN_OBJC_LITERAL_CONVERSION = YES;
				CLANG_WARN_OBJC_ROOT_CLASS = YES_ERROR;
				CLANG_WARN_QUOTED_INCLUDE_IN_FRAMEWORK_HEADER = YES;
				CLANG_WARN_RANGE_LOOP_ANALYSIS = YES;
				CLANG_WARN_STRICT_PROTOTYPES = YES;
				CLANG_WARN_SUSPICIOUS_MOVE = YES;
				CLANG_WARN_UNGUARDED_AVAILABILITY = YES_AGGRESSIVE;
				CLANG_WARN_UNREACHABLE_CODE = YES;
				CLANG_WARN__DUPLICATE_METHOD_MATCH = YES;
				COPY_PHASE_STRIP = NO;
				DEBUG_INFORMATION_FORMAT = "dwarf-with-dsym";
				ENABLE_NS_ASSERTIONS = NO;
				ENABLE_STRICT_OBJC_MSGSEND = YES;
				GCC_C_LANGUAGE_STANDARD = gnu11;
				GCC_NO_COMMON_BLOCKS = YES;
				GCC_WARN_64_TO_32_BIT_CONVERSION = YES;
				GCC_WARN_ABOUT_RETURN_TYPE = YES_ERROR;
				GCC_WARN_UNDECLARED_SELECTOR = YES;
				GCC_WARN_UNINITIALIZED_AUTOS = YES_AGGRESSIVE;
				GCC_WARN_UNUSED_FUNCTION = YES;
				GCC_WARN_UNUSED_VARIABLE = YES;
				IPHONEOS_DEPLOYMENT_TARGET = 16.2;
				MTL_ENABLE_DEBUG_INFO = NO;
				MTL_FAST_MATH = YES;
				SDKROOT = iphoneos;
				SWIFT_COMPILATION_MODE = wholemodule;
				SWIFT_OPTIMIZATION_LEVEL = "-O";
				VALIDATE_PRODUCT = YES;
			};
			name = Release;
		};
		6F2A59C529D4D67F006CE451 /* Debug */ = {
			isa = XCBuildConfiguration;
			buildSettings = {
				ASSETCATALOG_COMPILER_APPICON_NAME = AppIcon;
				ASSETCATALOG_COMPILER_GLOBAL_ACCENT_COLOR_NAME = AccentColor;
				CODE_SIGN_STYLE = Automatic;
				CURRENT_PROJECT_VERSION = 1;
				DEVELOPMENT_ASSET_PATHS = "\"ShakeIt/Preview Content\"";
				DEVELOPMENT_TEAM = G6TSQJ6DQ5;
				ENABLE_PREVIEWS = YES;
				GENERATE_INFOPLIST_FILE = YES;
				INFOPLIST_FILE = ShakeIt/Info.plist;
				INFOPLIST_KEY_CFBundleDisplayName = ShakeIt;
				INFOPLIST_KEY_LSSupportsOpeningDocumentsInPlace = YES;
				INFOPLIST_KEY_NSCameraUsageDescription = "ShakeIt requires Camera access";
				INFOPLIST_KEY_NSPhotoLibraryUsageDescription = "ShakeIt requires Photo Library access";
				INFOPLIST_KEY_UIApplicationSceneManifest_Generation = YES;
				INFOPLIST_KEY_UIApplicationSupportsIndirectInputEvents = YES;
				INFOPLIST_KEY_UISupportedInterfaceOrientations_iPad = "UIInterfaceOrientationPortrait UIInterfaceOrientationPortraitUpsideDown UIInterfaceOrientationLandscapeLeft UIInterfaceOrientationLandscapeRight";
				INFOPLIST_KEY_UISupportedInterfaceOrientations_iPhone = "UIInterfaceOrientationPortrait UIInterfaceOrientationLandscapeLeft UIInterfaceOrientationLandscapeRight";
				IPHONEOS_DEPLOYMENT_TARGET = 16.0;
				LD_RUNPATH_SEARCH_PATHS = (
					"$(inherited)",
					"@executable_path/Frameworks",
				);
				MARKETING_VERSION = 1.0;
				PRODUCT_BUNDLE_IDENTIFIER = dtu.swift.ShakeIt;
				PRODUCT_NAME = "$(TARGET_NAME)";
				SWIFT_EMIT_LOC_STRINGS = YES;
				SWIFT_VERSION = 5.0;
				TARGETED_DEVICE_FAMILY = "1,2";
			};
			name = Debug;
		};
		6F2A59C629D4D67F006CE451 /* Release */ = {
			isa = XCBuildConfiguration;
			buildSettings = {
				ASSETCATALOG_COMPILER_APPICON_NAME = AppIcon;
				ASSETCATALOG_COMPILER_GLOBAL_ACCENT_COLOR_NAME = AccentColor;
				CODE_SIGN_STYLE = Automatic;
				CURRENT_PROJECT_VERSION = 1;
				DEVELOPMENT_ASSET_PATHS = "\"ShakeIt/Preview Content\"";
				DEVELOPMENT_TEAM = G6TSQJ6DQ5;
				ENABLE_PREVIEWS = YES;
				GENERATE_INFOPLIST_FILE = YES;
				INFOPLIST_FILE = ShakeIt/Info.plist;
				INFOPLIST_KEY_CFBundleDisplayName = ShakeIt;
				INFOPLIST_KEY_LSSupportsOpeningDocumentsInPlace = YES;
				INFOPLIST_KEY_NSCameraUsageDescription = "ShakeIt requires Camera access";
				INFOPLIST_KEY_NSPhotoLibraryUsageDescription = "ShakeIt requires Photo Library access";
				INFOPLIST_KEY_UIApplicationSceneManifest_Generation = YES;
				INFOPLIST_KEY_UIApplicationSupportsIndirectInputEvents = YES;
				INFOPLIST_KEY_UISupportedInterfaceOrientations_iPad = "UIInterfaceOrientationPortrait UIInterfaceOrientationPortraitUpsideDown UIInterfaceOrientationLandscapeLeft UIInterfaceOrientationLandscapeRight";
				INFOPLIST_KEY_UISupportedInterfaceOrientations_iPhone = "UIInterfaceOrientationPortrait UIInterfaceOrientationLandscapeLeft UIInterfaceOrientationLandscapeRight";
				IPHONEOS_DEPLOYMENT_TARGET = 16.0;
				LD_RUNPATH_SEARCH_PATHS = (
					"$(inherited)",
					"@executable_path/Frameworks",
				);
				MARKETING_VERSION = 1.0;
				PRODUCT_BUNDLE_IDENTIFIER = dtu.swift.ShakeIt;
				PRODUCT_NAME = "$(TARGET_NAME)";
				SWIFT_EMIT_LOC_STRINGS = YES;
				SWIFT_VERSION = 5.0;
				TARGETED_DEVICE_FAMILY = "1,2";
			};
			name = Release;
		};
		6F2A59C829D4D67F006CE451 /* Debug */ = {
			isa = XCBuildConfiguration;
			buildSettings = {
				ALWAYS_EMBED_SWIFT_STANDARD_LIBRARIES = YES;
				BUNDLE_LOADER = "$(TEST_HOST)";
				CODE_SIGN_STYLE = Automatic;
				CURRENT_PROJECT_VERSION = 1;
				DEVELOPMENT_TEAM = G6TSQJ6DQ5;
				GENERATE_INFOPLIST_FILE = YES;
				IPHONEOS_DEPLOYMENT_TARGET = 16.2;
				MARKETING_VERSION = 1.0;
				PRODUCT_BUNDLE_IDENTIFIER = dtu.swift.ShakeItTests;
				PRODUCT_NAME = "$(TARGET_NAME)";
				SWIFT_EMIT_LOC_STRINGS = NO;
				SWIFT_VERSION = 5.0;
				TARGETED_DEVICE_FAMILY = "1,2";
				TEST_HOST = "$(BUILT_PRODUCTS_DIR)/ShakeIt.app/$(BUNDLE_EXECUTABLE_FOLDER_PATH)/ShakeIt";
			};
			name = Debug;
		};
		6F2A59C929D4D67F006CE451 /* Release */ = {
			isa = XCBuildConfiguration;
			buildSettings = {
				ALWAYS_EMBED_SWIFT_STANDARD_LIBRARIES = YES;
				BUNDLE_LOADER = "$(TEST_HOST)";
				CODE_SIGN_STYLE = Automatic;
				CURRENT_PROJECT_VERSION = 1;
				DEVELOPMENT_TEAM = G6TSQJ6DQ5;
				GENERATE_INFOPLIST_FILE = YES;
				IPHONEOS_DEPLOYMENT_TARGET = 16.2;
				MARKETING_VERSION = 1.0;
				PRODUCT_BUNDLE_IDENTIFIER = dtu.swift.ShakeItTests;
				PRODUCT_NAME = "$(TARGET_NAME)";
				SWIFT_EMIT_LOC_STRINGS = NO;
				SWIFT_VERSION = 5.0;
				TARGETED_DEVICE_FAMILY = "1,2";
				TEST_HOST = "$(BUILT_PRODUCTS_DIR)/ShakeIt.app/$(BUNDLE_EXECUTABLE_FOLDER_PATH)/ShakeIt";
			};
			name = Release;
		};
		6F2A59CB29D4D67F006CE451 /* Debug */ = {
			isa = XCBuildConfiguration;
			buildSettings = {
				ALWAYS_EMBED_SWIFT_STANDARD_LIBRARIES = YES;
				CODE_SIGN_STYLE = Automatic;
				CURRENT_PROJECT_VERSION = 1;
				DEVELOPMENT_TEAM = G6TSQJ6DQ5;
				GENERATE_INFOPLIST_FILE = YES;
				MARKETING_VERSION = 1.0;
				PRODUCT_BUNDLE_IDENTIFIER = dtu.swift.ShakeItUITests;
				PRODUCT_NAME = "$(TARGET_NAME)";
				SWIFT_EMIT_LOC_STRINGS = NO;
				SWIFT_VERSION = 5.0;
				TARGETED_DEVICE_FAMILY = "1,2";
				TEST_TARGET_NAME = ShakeIt;
			};
			name = Debug;
		};
		6F2A59CC29D4D67F006CE451 /* Release */ = {
			isa = XCBuildConfiguration;
			buildSettings = {
				ALWAYS_EMBED_SWIFT_STANDARD_LIBRARIES = YES;
				CODE_SIGN_STYLE = Automatic;
				CURRENT_PROJECT_VERSION = 1;
				DEVELOPMENT_TEAM = G6TSQJ6DQ5;
				GENERATE_INFOPLIST_FILE = YES;
				MARKETING_VERSION = 1.0;
				PRODUCT_BUNDLE_IDENTIFIER = dtu.swift.ShakeItUITests;
				PRODUCT_NAME = "$(TARGET_NAME)";
				SWIFT_EMIT_LOC_STRINGS = NO;
				SWIFT_VERSION = 5.0;
				TARGETED_DEVICE_FAMILY = "1,2";
				TEST_TARGET_NAME = ShakeIt;
			};
			name = Release;
		};
/* End XCBuildConfiguration section */

/* Begin XCConfigurationList section */
		6F2A599B29D4D67E006CE451 /* Build configuration list for PBXProject "ShakeIt" */ = {
			isa = XCConfigurationList;
			buildConfigurations = (
				6F2A59C229D4D67F006CE451 /* Debug */,
				6F2A59C329D4D67F006CE451 /* Release */,
			);
			defaultConfigurationIsVisible = 0;
			defaultConfigurationName = Release;
		};
		6F2A59C429D4D67F006CE451 /* Build configuration list for PBXNativeTarget "ShakeIt" */ = {
			isa = XCConfigurationList;
			buildConfigurations = (
				6F2A59C529D4D67F006CE451 /* Debug */,
				6F2A59C629D4D67F006CE451 /* Release */,
			);
			defaultConfigurationIsVisible = 0;
			defaultConfigurationName = Release;
		};
		6F2A59C729D4D67F006CE451 /* Build configuration list for PBXNativeTarget "ShakeItTests" */ = {
			isa = XCConfigurationList;
			buildConfigurations = (
				6F2A59C829D4D67F006CE451 /* Debug */,
				6F2A59C929D4D67F006CE451 /* Release */,
			);
			defaultConfigurationIsVisible = 0;
			defaultConfigurationName = Release;
		};
		6F2A59CA29D4D67F006CE451 /* Build configuration list for PBXNativeTarget "ShakeItUITests" */ = {
			isa = XCConfigurationList;
			buildConfigurations = (
				6F2A59CB29D4D67F006CE451 /* Debug */,
				6F2A59CC29D4D67F006CE451 /* Release */,
			);
			defaultConfigurationIsVisible = 0;
			defaultConfigurationName = Release;
		};
/* End XCConfigurationList section */

/* Begin XCVersionGroup section */
		6FD2E0682A070D720092E175 /* CustomCocktail.xcdatamodeld */ = {
			isa = XCVersionGroup;
			children = (
				6FD2E0692A070D720092E175 /* CustomCocktail.xcdatamodel */,
			);
			currentVersion = 6FD2E0692A070D720092E175 /* CustomCocktail.xcdatamodel */;
			path = CustomCocktail.xcdatamodeld;
			sourceTree = "<group>";
			versionGroupType = wrapper.xcdatamodel;
		};
/* End XCVersionGroup section */
	};
	rootObject = 6F2A599829D4D67E006CE451 /* Project object */;
}
